
Microsoft Visual Studio Solution File, Format Version 12.00
# Visual Studio Version 17
VisualStudioVersion = 17.6.33829.357
MinimumVisualStudioVersion = 10.0.40219.1
Project("{FAE04EC0-301F-11D3-BF4B-00C04F79EFBC}") = "EmptyBlazorApp1", "EmptyBlazorApp1.csproj", "{4CA3A6EB-0DE3-4EB8-8ED7-B8B201A04624}"
EndProject
Global
	GlobalSection(SolutionConfigurationPlatforms) = preSolution
		Debug|Any CPU = Debug|Any CPU
		Release|Any CPU = Release|Any CPU
	EndGlobalSection
	GlobalSection(ProjectConfigurationPlatforms) = postSolution
		{4CA3A6EB-0DE3-4EB8-8ED7-B8B201A04624}.Debug|Any CPU.ActiveCfg = Debug|Any CPU
		{4CA3A6EB-0DE3-4EB8-8ED7-B8B201A04624}.Debug|Any CPU.Build.0 = Debug|Any CPU
		{4CA3A6EB-0DE3-4EB8-8ED7-B8B201A04624}.Release|Any CPU.ActiveCfg = Release|Any CPU
		{4CA3A6EB-0DE3-4EB8-8ED7-B8B201A04624}.Release|Any CPU.Build.0 = Release|Any CPU
	EndGlobalSection
	GlobalSection(SolutionProperties) = preSolution
		HideSolutionNode = FALSE
	EndGlobalSection
	GlobalSection(ExtensibilityGlobals) = postSolution
		SolutionGuid = {72404B0A-1333-44E3-B556-A61DD28F93A1}
	EndGlobalSection
EndGlobal
